{
  "version": 4,
  "terraform_version": "1.5.6",
  "serial": 4,
  "lineage": "7cad07ed-820d-a32a-9a38-a93c5ba04013",
  "outputs": {},
  "resources": [
    {
      "mode": "managed",
      "type": "newrelic_alert_policy",
      "name": "policy1",
      "provider": "provider[\"registry.terraform.io/newrelic/newrelic\"]",
      "instances": [
        {
          "schema_version": 0,
          "attributes": {
            "account_id": 4411834,
            "channel_ids": null,
            "id": "5250470",
            "incident_preference": "PER_POLICY",
            "name": "policy-1"
          },
          "sensitive_attributes": [],
          "private": "bnVsbA=="
        }
      ]
    }
  ],
  "check_results": null
}
